
Microsoft Visual Studio Solution File, Format Version 12.00
# Visual Studio Version 17
VisualStudioVersion = 17.4.33205.214
MinimumVisualStudioVersion = 10.0.40219.1
Project("{FAE04EC0-301F-11D3-BF4B-00C04F79EFBC}") = "TrailApp", "TrailApp\TrailApp.csproj", "{B5D7573C-EE0E-49D9-9830-86C5200B7218}"
EndProject
Global
	GlobalSection(SolutionConfigurationPlatforms) = preSolution
		Debug|Any CPU = Debug|Any CPU
		Release|Any CPU = Release|Any CPU
	EndGlobalSection
	GlobalSection(ProjectConfigurationPlatforms) = postSolution
		{B5D7573C-EE0E-49D9-9830-86C5200B7218}.Debug|Any CPU.ActiveCfg = Debug|Any CPU
		{B5D7573C-EE0E-49D9-9830-86C5200B7218}.Debug|Any CPU.Build.0 = Debug|Any CPU
		{B5D7573C-EE0E-49D9-9830-86C5200B7218}.Release|Any CPU.ActiveCfg = Release|Any CPU
		{B5D7573C-EE0E-49D9-9830-86C5200B7218}.Release|Any CPU.Build.0 = Release|Any CPU
	EndGlobalSection
	GlobalSection(SolutionProperties) = preSolution
		HideSolutionNode = FALSE
	EndGlobalSection
	GlobalSection(ExtensibilityGlobals) = postSolution
		SolutionGuid = {8285E9B8-D912-4440-A805-048DFA84D4AF}
	EndGlobalSection
EndGlobal
